// !$*UTF8*$!
{
	archiveVersion = 1;
	classes = {
	};
	objectVersion = 56;
	objects = {

/* Begin PBXBuildFile section */
		B393E73E2D9B9E42002F16D0 /* BubblePopApp.swift in Sources */ = {isa = PBXBuildFile; fileRef = B393E73D2D9B9E42002F16D0 /* BubblePopApp.swift */; };
		B393E7422D9B9E48002F16D0 /* Assets.xcassets in Resources */ = {isa = PBXBuildFile; fileRef = B393E7412D9B9E48002F16D0 /* Assets.xcassets */; };
		B393E7452D9B9E48002F16D0 /* Preview Assets.xcassets in Resources */ = {isa = PBXBuildFile; fileRef = B393E7442D9B9E48002F16D0 /* Preview Assets.xcassets */; };
		B393E74F2D9B9E49002F16D0 /* BubblePopTests.swift in Sources */ = {isa = PBXBuildFile; fileRef = B393E74E2D9B9E49002F16D0 /* BubblePopTests.swift */; };
		B393E7592D9B9E49002F16D0 /* BubblePopUITests.swift in Sources */ = {isa = PBXBuildFile; fileRef = B393E7582D9B9E49002F16D0 /* BubblePopUITests.swift */; };
		B393E75B2D9B9E49002F16D0 /* BubblePopUITestsLaunchTests.swift in Sources */ = {isa = PBXBuildFile; fileRef = B393E75A2D9B9E49002F16D0 /* BubblePopUITestsLaunchTests.swift */; };
		B393E7682D9B9F8C002F16D0 /* WelcomeView.swift in Sources */ = {isa = PBXBuildFile; fileRef = B393E7672D9B9F8C002F16D0 /* WelcomeView.swift */; };
		B393E76A2D9BA55B002F16D0 /* GameView.swift in Sources */ = {isa = PBXBuildFile; fileRef = B393E7692D9BA55B002F16D0 /* GameView.swift */; };
		B393E76C2D9BBBA9002F16D0 /* Bubble.swift in Sources */ = {isa = PBXBuildFile; fileRef = B393E76B2D9BBBA9002F16D0 /* Bubble.swift */; };
		B393E76E2D9CF6E1002F16D0 /* GameSettingsView.swift in Sources */ = {isa = PBXBuildFile; fileRef = B393E76D2D9CF6E0002F16D0 /* GameSettingsView.swift */; };
		B393E7702D9CF703002F16D0 /* HighScoreView.swift in Sources */ = {isa = PBXBuildFile; fileRef = B393E76F2D9CF703002F16D0 /* HighScoreView.swift */; };
		B393E7722D9CF88D002F16D0 /* HighScoreViewModel.swift in Sources */ = {isa = PBXBuildFile; fileRef = B393E7712D9CF88D002F16D0 /* HighScoreViewModel.swift */; };
		B393E7742D9D4093002F16D0 /* ScoreBoardView.swift in Sources */ = {isa = PBXBuildFile; fileRef = B393E7732D9D4093002F16D0 /* ScoreBoardView.swift */; };
		B393E7762D9D40C2002F16D0 /* GameOverView.swift in Sources */ = {isa = PBXBuildFile; fileRef = B393E7752D9D40C2002F16D0 /* GameOverView.swift */; };
/* End PBXBuildFile section */

/* Begin PBXContainerItemProxy section */
		B393E74B2D9B9E49002F16D0 /* PBXContainerItemProxy */ = {
			isa = PBXContainerItemProxy;
			containerPortal = B393E7322D9B9E42002F16D0 /* Project object */;
			proxyType = 1;
			remoteGlobalIDString = B393E7392D9B9E42002F16D0;
			remoteInfo = BubblePop;
		};
		B393E7552D9B9E49002F16D0 /* PBXContainerItemProxy */ = {
			isa = PBXContainerItemProxy;
			containerPortal = B393E7322D9B9E42002F16D0 /* Project object */;
			proxyType = 1;
			remoteGlobalIDString = B393E7392D9B9E42002F16D0;
			remoteInfo = BubblePop;
		};
/* End PBXContainerItemProxy section */

/* Begin PBXFileReference section */
		B393E73A2D9B9E42002F16D0 /* BubblePop.app */ = {isa = PBXFileReference; explicitFileType = wrapper.application; includeInIndex = 0; path = BubblePop.app; sourceTree = BUILT_PRODUCTS_DIR; };
		B393E73D2D9B9E42002F16D0 /* BubblePopApp.swift */ = {isa = PBXFileReference; lastKnownFileType = sourcecode.swift; path = BubblePopApp.swift; sourceTree = "<group>"; };
		B393E7412D9B9E48002F16D0 /* Assets.xcassets */ = {isa = PBXFileReference; lastKnownFileType = folder.assetcatalog; path = Assets.xcassets; sourceTree = "<group>"; };
		B393E7442D9B9E48002F16D0 /* Preview Assets.xcassets */ = {isa = PBXFileReference; lastKnownFileType = folder.assetcatalog; path = "Preview Assets.xcassets"; sourceTree = "<group>"; };
		B393E74A2D9B9E49002F16D0 /* BubblePopTests.xctest */ = {isa = PBXFileReference; explicitFileType = wrapper.cfbundle; includeInIndex = 0; path = BubblePopTests.xctest; sourceTree = BUILT_PRODUCTS_DIR; };
		B393E74E2D9B9E49002F16D0 /* BubblePopTests.swift */ = {isa = PBXFileReference; lastKnownFileType = sourcecode.swift; path = BubblePopTests.swift; sourceTree = "<group>"; };
		B393E7542D9B9E49002F16D0 /* BubblePopUITests.xctest */ = {isa = PBXFileReference; explicitFileType = wrapper.cfbundle; includeInIndex = 0; path = BubblePopUITests.xctest; sourceTree = BUILT_PRODUCTS_DIR; };
		B393E7582D9B9E49002F16D0 /* BubblePopUITests.swift */ = {isa = PBXFileReference; lastKnownFileType = sourcecode.swift; path = BubblePopUITests.swift; sourceTree = "<group>"; };
		B393E75A2D9B9E49002F16D0 /* BubblePopUITestsLaunchTests.swift */ = {isa = PBXFileReference; lastKnownFileType = sourcecode.swift; path = BubblePopUITestsLaunchTests.swift; sourceTree = "<group>"; };
		B393E7672D9B9F8C002F16D0 /* WelcomeView.swift */ = {isa = PBXFileReference; lastKnownFileType = sourcecode.swift; path = WelcomeView.swift; sourceTree = "<group>"; };
		B393E7692D9BA55B002F16D0 /* GameView.swift */ = {isa = PBXFileReference; lastKnownFileType = sourcecode.swift; path = GameView.swift; sourceTree = "<group>"; };
		B393E76B2D9BBBA9002F16D0 /* Bubble.swift */ = {isa = PBXFileReference; lastKnownFileType = sourcecode.swift; path = Bubble.swift; sourceTree = "<group>"; };
		B393E76D2D9CF6E0002F16D0 /* GameSettingsView.swift */ = {isa = PBXFileReference; lastKnownFileType = sourcecode.swift; path = GameSettingsView.swift; sourceTree = "<group>"; };
		B393E76F2D9CF703002F16D0 /* HighScoreView.swift */ = {isa = PBXFileReference; lastKnownFileType = sourcecode.swift; path = HighScoreView.swift; sourceTree = "<group>"; };
		B393E7712D9CF88D002F16D0 /* HighScoreViewModel.swift */ = {isa = PBXFileReference; lastKnownFileType = sourcecode.swift; path = HighScoreViewModel.swift; sourceTree = "<group>"; };
		B393E7732D9D4093002F16D0 /* ScoreBoardView.swift */ = {isa = PBXFileReference; lastKnownFileType = sourcecode.swift; path = ScoreBoardView.swift; sourceTree = "<group>"; };
		B393E7752D9D40C2002F16D0 /* GameOverView.swift */ = {isa = PBXFileReference; lastKnownFileType = sourcecode.swift; path = GameOverView.swift; sourceTree = "<group>"; };
/* End PBXFileReference section */

/* Begin PBXFrameworksBuildPhase section */
		B393E7372D9B9E42002F16D0 /* Frameworks */ = {
			isa = PBXFrameworksBuildPhase;
			buildActionMask = 2147483647;
			files = (
			);
			runOnlyForDeploymentPostprocessing = 0;
		};
		B393E7472D9B9E49002F16D0 /* Frameworks */ = {
			isa = PBXFrameworksBuildPhase;
			buildActionMask = 2147483647;
			files = (
			);
			runOnlyForDeploymentPostprocessing = 0;
		};
		B393E7512D9B9E49002F16D0 /* Frameworks */ = {
			isa = PBXFrameworksBuildPhase;
			buildActionMask = 2147483647;
			files = (
			);
			runOnlyForDeploymentPostprocessing = 0;
		};
/* End PBXFrameworksBuildPhase section */

/* Begin PBXGroup section */
		B393E7312D9B9E42002F16D0 = {
			isa = PBXGroup;
			children = (
				B393E7712D9CF88D002F16D0 /* HighScoreViewModel.swift */,
				B393E73C2D9B9E42002F16D0 /* BubblePop */,
				B393E74D2D9B9E49002F16D0 /* BubblePopTests */,
				B393E7572D9B9E49002F16D0 /* BubblePopUITests */,
				B393E73B2D9B9E42002F16D0 /* Products */,
			);
			sourceTree = "<group>";
		};
		B393E73B2D9B9E42002F16D0 /* Products */ = {
			isa = PBXGroup;
			children = (
				B393E73A2D9B9E42002F16D0 /* BubblePop.app */,
				B393E74A2D9B9E49002F16D0 /* BubblePopTests.xctest */,
				B393E7542D9B9E49002F16D0 /* BubblePopUITests.xctest */,
			);
			name = Products;
			sourceTree = "<group>";
		};
		B393E73C2D9B9E42002F16D0 /* BubblePop */ = {
			isa = PBXGroup;
			children = (
				B393E76D2D9CF6E0002F16D0 /* GameSettingsView.swift */,
				B393E73D2D9B9E42002F16D0 /* BubblePopApp.swift */,
				B393E7412D9B9E48002F16D0 /* Assets.xcassets */,
				B393E7432D9B9E48002F16D0 /* Preview Content */,
				B393E7672D9B9F8C002F16D0 /* WelcomeView.swift */,
				B393E7692D9BA55B002F16D0 /* GameView.swift */,
				B393E76B2D9BBBA9002F16D0 /* Bubble.swift */,
				B393E76F2D9CF703002F16D0 /* HighScoreView.swift */,
				B393E7732D9D4093002F16D0 /* ScoreBoardView.swift */,
				B393E7752D9D40C2002F16D0 /* GameOverView.swift */,
			);
			path = BubblePop;
			sourceTree = "<group>";
		};
		B393E7432D9B9E48002F16D0 /* Preview Content */ = {
			isa = PBXGroup;
			children = (
				B393E7442D9B9E48002F16D0 /* Preview Assets.xcassets */,
			);
			path = "Preview Content";
			sourceTree = "<group>";
		};
		B393E74D2D9B9E49002F16D0 /* BubblePopTests */ = {
			isa = PBXGroup;
			children = (
				B393E74E2D9B9E49002F16D0 /* BubblePopTests.swift */,
			);
			path = BubblePopTests;
			sourceTree = "<group>";
		};
		B393E7572D9B9E49002F16D0 /* BubblePopUITests */ = {
			isa = PBXGroup;
			children = (
				B393E7582D9B9E49002F16D0 /* BubblePopUITests.swift */,
				B393E75A2D9B9E49002F16D0 /* BubblePopUITestsLaunchTests.swift */,
			);
			path = BubblePopUITests;
			sourceTree = "<group>";
		};
/* End PBXGroup section */

/* Begin PBXNativeTarget section */
		B393E7392D9B9E42002F16D0 /* BubblePop */ = {
			isa = PBXNativeTarget;
			buildConfigurationList = B393E75E2D9B9E49002F16D0 /* Build configuration list for PBXNativeTarget "BubblePop" */;
			buildPhases = (
				B393E7362D9B9E42002F16D0 /* Sources */,
				B393E7372D9B9E42002F16D0 /* Frameworks */,
				B393E7382D9B9E42002F16D0 /* Resources */,
			);
			buildRules = (
			);
			dependencies = (
			);
			name = BubblePop;
			productName = BubblePop;
			productReference = B393E73A2D9B9E42002F16D0 /* BubblePop.app */;
			productType = "com.apple.product-type.application";
		};
		B393E7492D9B9E49002F16D0 /* BubblePopTests */ = {
			isa = PBXNativeTarget;
			buildConfigurationList = B393E7612D9B9E49002F16D0 /* Build configuration list for PBXNativeTarget "BubblePopTests" */;
			buildPhases = (
				B393E7462D9B9E49002F16D0 /* Sources */,
				B393E7472D9B9E49002F16D0 /* Frameworks */,
				B393E7482D9B9E49002F16D0 /* Resources */,
			);
			buildRules = (
			);
			dependencies = (
				B393E74C2D9B9E49002F16D0 /* PBXTargetDependency */,
			);
			name = BubblePopTests;
			productName = BubblePopTests;
			productReference = B393E74A2D9B9E49002F16D0 /* BubblePopTests.xctest */;
			productType = "com.apple.product-type.bundle.unit-test";
		};
		B393E7532D9B9E49002F16D0 /* BubblePopUITests */ = {
			isa = PBXNativeTarget;
			buildConfigurationList = B393E7642D9B9E49002F16D0 /* Build configuration list for PBXNativeTarget "BubblePopUITests" */;
			buildPhases = (
				B393E7502D9B9E49002F16D0 /* Sources */,
				B393E7512D9B9E49002F16D0 /* Frameworks */,
				B393E7522D9B9E49002F16D0 /* Resources */,
			);
			buildRules = (
			);
			dependencies = (
				B393E7562D9B9E49002F16D0 /* PBXTargetDependency */,
			);
			name = BubblePopUITests;
			productName = BubblePopUITests;
			productReference = B393E7542D9B9E49002F16D0 /* BubblePopUITests.xctest */;
			productType = "com.apple.product-type.bundle.ui-testing";
		};
/* End PBXNativeTarget section */

/* Begin PBXProject section */
		B393E7322D9B9E42002F16D0 /* Project object */ = {
			isa = PBXProject;
			attributes = {
				BuildIndependentTargetsInParallel = 1;
				LastSwiftUpdateCheck = 1530;
				LastUpgradeCheck = 1530;
				TargetAttributes = {
					B393E7392D9B9E42002F16D0 = {
						CreatedOnToolsVersion = 15.3;
					};
					B393E7492D9B9E49002F16D0 = {
						CreatedOnToolsVersion = 15.3;
						TestTargetID = B393E7392D9B9E42002F16D0;
					};
					B393E7532D9B9E49002F16D0 = {
						CreatedOnToolsVersion = 15.3;
						TestTargetID = B393E7392D9B9E42002F16D0;
					};
				};
			};
			buildConfigurationList = B393E7352D9B9E42002F16D0 /* Build configuration list for PBXProject "BubblePop" */;
			compatibilityVersion = "Xcode 14.0";
			developmentRegion = en;
			hasScannedForEncodings = 0;
			knownRegions = (
				en,
				Base,
			);
			mainGroup = B393E7312D9B9E42002F16D0;
			productRefGroup = B393E73B2D9B9E42002F16D0 /* Products */;
			projectDirPath = "";
			projectRoot = "";
			targets = (
				B393E7392D9B9E42002F16D0 /* BubblePop */,
				B393E7492D9B9E49002F16D0 /* BubblePopTests */,
				B393E7532D9B9E49002F16D0 /* BubblePopUITests */,
			);
		};
/* End PBXProject section */

/* Begin PBXResourcesBuildPhase section */
		B393E7382D9B9E42002F16D0 /* Resources */ = {
			isa = PBXResourcesBuildPhase;
			buildActionMask = 2147483647;
			files = (
				B393E7452D9B9E48002F16D0 /* Preview Assets.xcassets in Resources */,
				B393E7422D9B9E48002F16D0 /* Assets.xcassets in Resources */,
			);
			runOnlyForDeploymentPostprocessing = 0;
		};
		B393E7482D9B9E49002F16D0 /* Resources */ = {
			isa = PBXResourcesBuildPhase;
			buildActionMask = 2147483647;
			files = (
			);
			runOnlyForDeploymentPostprocessing = 0;
		};
		B393E7522D9B9E49002F16D0 /* Resources */ = {
			isa = PBXResourcesBuildPhase;
			buildActionMask = 2147483647;
			files = (
			);
			runOnlyForDeploymentPostprocessing = 0;
		};
/* End PBXResourcesBuildPhase section */

/* Begin PBXSourcesBuildPhase section */
		B393E7362D9B9E42002F16D0 /* Sources */ = {
			isa = PBXSourcesBuildPhase;
			buildActionMask = 2147483647;
			files = (
				B393E7762D9D40C2002F16D0 /* GameOverView.swift in Sources */,
				B393E76C2D9BBBA9002F16D0 /* Bubble.swift in Sources */,
				B393E7682D9B9F8C002F16D0 /* WelcomeView.swift in Sources */,
				B393E7722D9CF88D002F16D0 /* HighScoreViewModel.swift in Sources */,
				B393E7702D9CF703002F16D0 /* HighScoreView.swift in Sources */,
				B393E76A2D9BA55B002F16D0 /* GameView.swift in Sources */,
				B393E73E2D9B9E42002F16D0 /* BubblePopApp.swift in Sources */,
				B393E76E2D9CF6E1002F16D0 /* GameSettingsView.swift in Sources */,
				B393E7742D9D4093002F16D0 /* ScoreBoardView.swift in Sources */,
			);
			runOnlyForDeploymentPostprocessing = 0;
		};
		B393E7462D9B9E49002F16D0 /* Sources */ = {
			isa = PBXSourcesBuildPhase;
			buildActionMask = 2147483647;
			files = (
				B393E74F2D9B9E49002F16D0 /* BubblePopTests.swift in Sources */,
			);
			runOnlyForDeploymentPostprocessing = 0;
		};
		B393E7502D9B9E49002F16D0 /* Sources */ = {
			isa = PBXSourcesBuildPhase;
			buildActionMask = 2147483647;
			files = (
				B393E75B2D9B9E49002F16D0 /* BubblePopUITestsLaunchTests.swift in Sources */,
				B393E7592D9B9E49002F16D0 /* BubblePopUITests.swift in Sources */,
			);
			runOnlyForDeploymentPostprocessing = 0;
		};
/* End PBXSourcesBuildPhase section */

/* Begin PBXTargetDependency section */
		B393E74C2D9B9E49002F16D0 /* PBXTargetDependency */ = {
			isa = PBXTargetDependency;
			target = B393E7392D9B9E42002F16D0 /* BubblePop */;
			targetProxy = B393E74B2D9B9E49002F16D0 /* PBXContainerItemProxy */;
		};
		B393E7562D9B9E49002F16D0 /* PBXTargetDependency */ = {
			isa = PBXTargetDependency;
			target = B393E7392D9B9E42002F16D0 /* BubblePop */;
			targetProxy = B393E7552D9B9E49002F16D0 /* PBXContainerItemProxy */;
		};
/* End PBXTargetDependency section */

/* Begin XCBuildConfiguration section */
		B393E75C2D9B9E49002F16D0 /* Debug */ = {
			isa = XCBuildConfiguration;
			buildSettings = {
				ALWAYS_SEARCH_USER_PATHS = NO;
				ASSETCATALOG_COMPILER_GENERATE_SWIFT_ASSET_SYMBOL_EXTENSIONS = YES;
				CLANG_ANALYZER_NONNULL = YES;
				CLANG_ANALYZER_NUMBER_OBJECT_CONVERSION = YES_AGGRESSIVE;
				CLANG_CXX_LANGUAGE_STANDARD = "gnu++20";
				CLANG_ENABLE_MODULES = YES;
				CLANG_ENABLE_OBJC_ARC = YES;
				CLANG_ENABLE_OBJC_WEAK = YES;
				CLANG_WARN_BLOCK_CAPTURE_AUTORELEASING = YES;
				CLANG_WARN_BOOL_CONVERSION = YES;
				CLANG_WARN_COMMA = YES;
				CLANG_WARN_CONSTANT_CONVERSION = YES;
				CLANG_WARN_DEPRECATED_OBJC_IMPLEMENTATIONS = YES;
				CLANG_WARN_DIRECT_OBJC_ISA_USAGE = YES_ERROR;
				CLANG_WARN_DOCUMENTATION_COMMENTS = YES;
				CLANG_WARN_EMPTY_BODY = YES;
				CLANG_WARN_ENUM_CONVERSION = YES;
				CLANG_WARN_INFINITE_RECURSION = YES;
				CLANG_WARN_INT_CONVERSION = YES;
				CLANG_WARN_NON_LITERAL_NULL_CONVERSION = YES;
				CLANG_WARN_OBJC_IMPLICIT_RETAIN_SELF = YES;
				CLANG_WARN_OBJC_LITERAL_CONVERSION = YES;
				CLANG_WARN_OBJC_ROOT_CLASS = YES_ERROR;
				CLANG_WARN_QUOTED_INCLUDE_IN_FRAMEWORK_HEADER = YES;
				CLANG_WARN_RANGE_LOOP_ANALYSIS = YES;
				CLANG_WARN_STRICT_PROTOTYPES = YES;
				CLANG_WARN_SUSPICIOUS_MOVE = YES;
				CLANG_WARN_UNGUARDED_AVAILABILITY = YES_AGGRESSIVE;
				CLANG_WARN_UNREACHABLE_CODE = YES;
				CLANG_WARN__DUPLICATE_METHOD_MATCH = YES;
				COPY_PHASE_STRIP = NO;
				DEBUG_INFORMATION_FORMAT = dwarf;
				ENABLE_STRICT_OBJC_MSGSEND = YES;
				ENABLE_TESTABILITY = YES;
				ENABLE_USER_SCRIPT_SANDBOXING = YES;
				GCC_C_LANGUAGE_STANDARD = gnu17;
				GCC_DYNAMIC_NO_PIC = NO;
				GCC_NO_COMMON_BLOCKS = YES;
				GCC_OPTIMIZATION_LEVEL = 0;
				GCC_PREPROCESSOR_DEFINITIONS = (
					"DEBUG=1",
					"$(inherited)",
				);
				GCC_WARN_64_TO_32_BIT_CONVERSION = YES;
				GCC_WARN_ABOUT_RETURN_TYPE = YES_ERROR;
				GCC_WARN_UNDECLARED_SELECTOR = YES;
				GCC_WARN_UNINITIALIZED_AUTOS = YES_AGGRESSIVE;
				GCC_WARN_UNUSED_FUNCTION = YES;
				GCC_WARN_UNUSED_VARIABLE = YES;
				IPHONEOS_DEPLOYMENT_TARGET = 17.4;
				LOCALIZATION_PREFERS_STRING_CATALOGS = YES;
				MTL_ENABLE_DEBUG_INFO = INCLUDE_SOURCE;
				MTL_FAST_MATH = YES;
				ONLY_ACTIVE_ARCH = YES;
				SDKROOT = iphoneos;
				SWIFT_ACTIVE_COMPILATION_CONDITIONS = "DEBUG $(inherited)";
				SWIFT_OPTIMIZATION_LEVEL = "-Onone";
			};
			name = Debug;
		};
		B393E75D2D9B9E49002F16D0 /* Release */ = {
			isa = XCBuildConfiguration;
			buildSettings = {
				ALWAYS_SEARCH_USER_PATHS = NO;
				ASSETCATALOG_COMPILER_GENERATE_SWIFT_ASSET_SYMBOL_EXTENSIONS = YES;
				CLANG_ANALYZER_NONNULL = YES;
				CLANG_ANALYZER_NUMBER_OBJECT_CONVERSION = YES_AGGRESSIVE;
				CLANG_CXX_LANGUAGE_STANDARD = "gnu++20";
				CLANG_ENABLE_MODULES = YES;
				CLANG_ENABLE_OBJC_ARC = YES;
				CLANG_ENABLE_OBJC_WEAK = YES;
				CLANG_WARN_BLOCK_CAPTURE_AUTORELEASING = YES;
				CLANG_WARN_BOOL_CONVERSION = YES;
				CLANG_WARN_COMMA = YES;
				CLANG_WARN_CONSTANT_CONVERSION = YES;
				CLANG_WARN_DEPRECATED_OBJC_IMPLEMENTATIONS = YES;
				CLANG_WARN_DIRECT_OBJC_ISA_USAGE = YES_ERROR;
				CLANG_WARN_DOCUMENTATION_COMMENTS = YES;
				CLANG_WARN_EMPTY_BODY = YES;
				CLANG_WARN_ENUM_CONVERSION = YES;
				CLANG_WARN_INFINITE_RECURSION = YES;
				CLANG_WARN_INT_CONVERSION = YES;
				CLANG_WARN_NON_LITERAL_NULL_CONVERSION = YES;
				CLANG_WARN_OBJC_IMPLICIT_RETAIN_SELF = YES;
				CLANG_WARN_OBJC_LITERAL_CONVERSION = YES;
				CLANG_WARN_OBJC_ROOT_CLASS = YES_ERROR;
				CLANG_WARN_QUOTED_INCLUDE_IN_FRAMEWORK_HEADER = YES;
				CLANG_WARN_RANGE_LOOP_ANALYSIS = YES;
				CLANG_WARN_STRICT_PROTOTYPES = YES;
				CLANG_WARN_SUSPICIOUS_MOVE = YES;
				CLANG_WARN_UNGUARDED_AVAILABILITY = YES_AGGRESSIVE;
				CLANG_WARN_UNREACHABLE_CODE = YES;
				CLANG_WARN__DUPLICATE_METHOD_MATCH = YES;
				COPY_PHASE_STRIP = NO;
				DEBUG_INFORMATION_FORMAT = "dwarf-with-dsym";
				ENABLE_NS_ASSERTIONS = NO;
				ENABLE_STRICT_OBJC_MSGSEND = YES;
				ENABLE_USER_SCRIPT_SANDBOXING = YES;
				GCC_C_LANGUAGE_STANDARD = gnu17;
				GCC_NO_COMMON_BLOCKS = YES;
				GCC_WARN_64_TO_32_BIT_CONVERSION = YES;
				GCC_WARN_ABOUT_RETURN_TYPE = YES_ERROR;
				GCC_WARN_UNDECLARED_SELECTOR = YES;
				GCC_WARN_UNINITIALIZED_AUTOS = YES_AGGRESSIVE;
				GCC_WARN_UNUSED_FUNCTION = YES;
				GCC_WARN_UNUSED_VARIABLE = YES;
				IPHONEOS_DEPLOYMENT_TARGET = 17.4;
				LOCALIZATION_PREFERS_STRING_CATALOGS = YES;
				MTL_ENABLE_DEBUG_INFO = NO;
				MTL_FAST_MATH = YES;
				SDKROOT = iphoneos;
				SWIFT_COMPILATION_MODE = wholemodule;
				VALIDATE_PRODUCT = YES;
			};
			name = Release;
		};
		B393E75F2D9B9E49002F16D0 /* Debug */ = {
			isa = XCBuildConfiguration;
			buildSettings = {
				ASSETCATALOG_COMPILER_APPICON_NAME = AppIcon;
				ASSETCATALOG_COMPILER_GLOBAL_ACCENT_COLOR_NAME = AccentColor;
				CODE_SIGN_STYLE = Automatic;
				CURRENT_PROJECT_VERSION = 1;
				DEVELOPMENT_ASSET_PATHS = "\"BubblePop/Preview Content\"";
				DEVELOPMENT_TEAM = SX3YRL7T7N;
				ENABLE_PREVIEWS = YES;
				GENERATE_INFOPLIST_FILE = YES;
				INFOPLIST_KEY_UIApplicationSceneManifest_Generation = YES;
				INFOPLIST_KEY_UIApplicationSupportsIndirectInputEvents = YES;
				INFOPLIST_KEY_UILaunchScreen_Generation = YES;
				INFOPLIST_KEY_UISupportedInterfaceOrientations_iPad = "UIInterfaceOrientationPortrait UIInterfaceOrientationPortraitUpsideDown UIInterfaceOrientationLandscapeLeft UIInterfaceOrientationLandscapeRight";
				INFOPLIST_KEY_UISupportedInterfaceOrientations_iPhone = "UIInterfaceOrientationPortrait UIInterfaceOrientationLandscapeLeft UIInterfaceOrientationLandscapeRight";
				LD_RUNPATH_SEARCH_PATHS = (
					"$(inherited)",
					"@executable_path/Frameworks",
				);
				MARKETING_VERSION = 1.0;
				PRODUCT_BUNDLE_IDENTIFIER = python.BubblePop;
				PRODUCT_NAME = "$(TARGET_NAME)";
				SWIFT_EMIT_LOC_STRINGS = YES;
				SWIFT_VERSION = 5.0;
				TARGETED_DEVICE_FAMILY = "1,2";
			};
			name = Debug;
		};
		B393E7602D9B9E49002F16D0 /* Release */ = {
			isa = XCBuildConfiguration;
			buildSettings = {
				ASSETCATALOG_COMPILER_APPICON_NAME = AppIcon;
				ASSETCATALOG_COMPILER_GLOBAL_ACCENT_COLOR_NAME = AccentColor;
				CODE_SIGN_STYLE = Automatic;
				CURRENT_PROJECT_VERSION = 1;
				DEVELOPMENT_ASSET_PATHS = "\"BubblePop/Preview Content\"";
				DEVELOPMENT_TEAM = SX3YRL7T7N;
				ENABLE_PREVIEWS = YES;
				GENERATE_INFOPLIST_FILE = YES;
				INFOPLIST_KEY_UIApplicationSceneManifest_Generation = YES;
				INFOPLIST_KEY_UIApplicationSupportsIndirectInputEvents = YES;
				INFOPLIST_KEY_UILaunchScreen_Generation = YES;
				INFOPLIST_KEY_UISupportedInterfaceOrientations_iPad = "UIInterfaceOrientationPortrait UIInterfaceOrientationPortraitUpsideDown UIInterfaceOrientationLandscapeLeft UIInterfaceOrientationLandscapeRight";
				INFOPLIST_KEY_UISupportedInterfaceOrientations_iPhone = "UIInterfaceOrientationPortrait UIInterfaceOrientationLandscapeLeft UIInterfaceOrientationLandscapeRight";
				LD_RUNPATH_SEARCH_PATHS = (
					"$(inherited)",
					"@executable_path/Frameworks",
				);
				MARKETING_VERSION = 1.0;
				PRODUCT_BUNDLE_IDENTIFIER = python.BubblePop;
				PRODUCT_NAME = "$(TARGET_NAME)";
				SWIFT_EMIT_LOC_STRINGS = YES;
				SWIFT_VERSION = 5.0;
				TARGETED_DEVICE_FAMILY = "1,2";
			};
			name = Release;
		};
		B393E7622D9B9E49002F16D0 /* Debug */ = {
			isa = XCBuildConfiguration;
			buildSettings = {
				ALWAYS_EMBED_SWIFT_STANDARD_LIBRARIES = YES;
				BUNDLE_LOADER = "$(TEST_HOST)";
				CODE_SIGN_STYLE = Automatic;
				CURRENT_PROJECT_VERSION = 1;
				DEVELOPMENT_TEAM = SX3YRL7T7N;
				GENERATE_INFOPLIST_FILE = YES;
				IPHONEOS_DEPLOYMENT_TARGET = 17.4;
				MARKETING_VERSION = 1.0;
				PRODUCT_BUNDLE_IDENTIFIER = python.BubblePopTests;
				PRODUCT_NAME = "$(TARGET_NAME)";
				SWIFT_EMIT_LOC_STRINGS = NO;
				SWIFT_VERSION = 5.0;
				TARGETED_DEVICE_FAMILY = "1,2";
				TEST_HOST = "$(BUILT_PRODUCTS_DIR)/BubblePop.app/$(BUNDLE_EXECUTABLE_FOLDER_PATH)/BubblePop";
			};
			name = Debug;
		};
		B393E7632D9B9E49002F16D0 /* Release */ = {
			isa = XCBuildConfiguration;
			buildSettings = {
				ALWAYS_EMBED_SWIFT_STANDARD_LIBRARIES = YES;
				BUNDLE_LOADER = "$(TEST_HOST)";
				CODE_SIGN_STYLE = Automatic;
				CURRENT_PROJECT_VERSION = 1;
				DEVELOPMENT_TEAM = SX3YRL7T7N;
				GENERATE_INFOPLIST_FILE = YES;
				IPHONEOS_DEPLOYMENT_TARGET = 17.4;
				MARKETING_VERSION = 1.0;
				PRODUCT_BUNDLE_IDENTIFIER = python.BubblePopTests;
				PRODUCT_NAME = "$(TARGET_NAME)";
				SWIFT_EMIT_LOC_STRINGS = NO;
				SWIFT_VERSION = 5.0;
				TARGETED_DEVICE_FAMILY = "1,2";
				TEST_HOST = "$(BUILT_PRODUCTS_DIR)/BubblePop.app/$(BUNDLE_EXECUTABLE_FOLDER_PATH)/BubblePop";
			};
			name = Release;
		};
		B393E7652D9B9E49002F16D0 /* Debug */ = {
			isa = XCBuildConfiguration;
			buildSettings = {
				ALWAYS_EMBED_SWIFT_STANDARD_LIBRARIES = YES;
				CODE_SIGN_STYLE = Automatic;
				CURRENT_PROJECT_VERSION = 1;
				DEVELOPMENT_TEAM = SX3YRL7T7N;
				GENERATE_INFOPLIST_FILE = YES;
				MARKETING_VERSION = 1.0;
				PRODUCT_BUNDLE_IDENTIFIER = python.BubblePopUITests;
				PRODUCT_NAME = "$(TARGET_NAME)";
				SWIFT_EMIT_LOC_STRINGS = NO;
				SWIFT_VERSION = 5.0;
				TARGETED_DEVICE_FAMILY = "1,2";
				TEST_TARGET_NAME = BubblePop;
			};
			name = Debug;
		};
		B393E7662D9B9E49002F16D0 /* Release */ = {
			isa = XCBuildConfiguration;
			buildSettings = {
				ALWAYS_EMBED_SWIFT_STANDARD_LIBRARIES = YES;
				CODE_SIGN_STYLE = Automatic;
				CURRENT_PROJECT_VERSION = 1;
				DEVELOPMENT_TEAM = SX3YRL7T7N;
				GENERATE_INFOPLIST_FILE = YES;
				MARKETING_VERSION = 1.0;
				PRODUCT_BUNDLE_IDENTIFIER = python.BubblePopUITests;
				PRODUCT_NAME = "$(TARGET_NAME)";
				SWIFT_EMIT_LOC_STRINGS = NO;
				SWIFT_VERSION = 5.0;
				TARGETED_DEVICE_FAMILY = "1,2";
				TEST_TARGET_NAME = BubblePop;
			};
			name = Release;
		};
/* End XCBuildConfiguration section */

/* Begin XCConfigurationList section */
		B393E7352D9B9E42002F16D0 /* Build configuration list for PBXProject "BubblePop" */ = {
			isa = XCConfigurationList;
			buildConfigurations = (
				B393E75C2D9B9E49002F16D0 /* Debug */,
				B393E75D2D9B9E49002F16D0 /* Release */,
			);
			defaultConfigurationIsVisible = 0;
			defaultConfigurationName = Release;
		};
		B393E75E2D9B9E49002F16D0 /* Build configuration list for PBXNativeTarget "BubblePop" */ = {
			isa = XCConfigurationList;
			buildConfigurations = (
				B393E75F2D9B9E49002F16D0 /* Debug */,
				B393E7602D9B9E49002F16D0 /* Release */,
			);
			defaultConfigurationIsVisible = 0;
			defaultConfigurationName = Release;
		};
		B393E7612D9B9E49002F16D0 /* Build configuration list for PBXNativeTarget "BubblePopTests" */ = {
			isa = XCConfigurationList;
			buildConfigurations = (
				B393E7622D9B9E49002F16D0 /* Debug */,
				B393E7632D9B9E49002F16D0 /* Release */,
			);
			defaultConfigurationIsVisible = 0;
			defaultConfigurationName = Release;
		};
		B393E7642D9B9E49002F16D0 /* Build configuration list for PBXNativeTarget "BubblePopUITests" */ = {
			isa = XCConfigurationList;
			buildConfigurations = (
				B393E7652D9B9E49002F16D0 /* Debug */,
				B393E7662D9B9E49002F16D0 /* Release */,
			);
			defaultConfigurationIsVisible = 0;
			defaultConfigurationName = Release;
		};
/* End XCConfigurationList section */
	};
	rootObject = B393E7322D9B9E42002F16D0 /* Project object */;
}
